<?xml version="1.0" encoding="utf-8"?>
<Project ToolsVersion="4.0" xmlns="http://schemas.microsoft.com/developer/msbuild/2003">
  <ItemGroup>
    <Filter Include="ソース ファイル">
      <UniqueIdentifier>{4FC737F1-C7A5-4376-A066-2A32D752A2FF}</UniqueIdentifier>
      <Extensions>cpp;c;cc;cxx;def;odl;idl;hpj;bat;asm;asmx</Extensions>
    </Filter>
    <Filter Include="ヘッダー ファイル">
      <UniqueIdentifier>{93995380-89BD-4b04-88EB-625FBE52EBFB}</UniqueIdentifier>
      <Extensions>h;hh;hpp;hxx;hm;inl;inc;ipp;xsd</Extensions>
    </Filter>
    <Filter Include="リソース ファイル">
      <UniqueIdentifier>{67DA6AB6-F800-4c08-8B7A-83BB121AAD01}</UniqueIdentifier>
      <Extensions>rc;ico;cur;bmp;dlg;rc2;rct;bin;rgs;gif;jpg;jpeg;jpe;resx;tiff;tif;png;wav;mfcribbon-ms</Extensions>
    </Filter>
    <Filter Include="ソース ファイル\piece">
      <UniqueIdentifier>{f1b694e5-d246-4f91-b6e2-17b422b7782f}</UniqueIdentifier>
    </Filter>
    <Filter Include="ヘッダー ファイル\piece">
      <UniqueIdentifier>{aa1a98c8-1db0-45ed-b874-c52817a14706}</UniqueIdentifier>
    </Filter>
    <Filter Include="ヘッダー ファイル\core">
      <UniqueIdentifier>{846f2109-9de2-438d-87a1-ea0569550144}</UniqueIdentifier>
    </Filter>
    <Filter Include="ソース ファイル\core">
      <UniqueIdentifier>{a08ba0d6-3ac8-4bab-9fe6-6dac4b581bc6}</UniqueIdentifier>
    </Filter>
    <Filter Include="ソース ファイル\mode">
      <UniqueIdentifier>{07358e6f-6201-4dfb-9736-7be6885eb1b8}</UniqueIdentifier>
    </Filter>
    <Filter Include="ヘッダー ファイル\mode">
      <UniqueIdentifier>{666516dd-90bf-460c-b1e3-5c5e4b89f184}</UniqueIdentifier>
    </Filter>
  </ItemGroup>
  <ItemGroup>
    <ClCompile Include="GamePiece.cpp">
      <Filter>ソース ファイル\piece</Filter>
    </ClCompile>
    <ClCompile Include="GameBoard.cpp">
      <Filter>ソース ファイル\core</Filter>
    </ClCompile>
    <ClCompile Include="GameTask.cpp">
      <Filter>ソース ファイル\core</Filter>
    </ClCompile>
    <ClCompile Include="ImageMng.cpp">
      <Filter>ソース ファイル\core</Filter>
    </ClCompile>
    <ClCompile Include="Main.cpp">
      <Filter>ソース ファイル\core</Filter>
    </ClCompile>
    <ClCompile Include="MouseCtr.cpp">
      <Filter>ソース ファイル\core</Filter>
    </ClCompile>
    <ClCompile Include="Player.cpp">
      <Filter>ソース ファイル\core</Filter>
    </ClCompile>
    <ClCompile Include="VECTOR2.cpp">
      <Filter>ソース ファイル\core</Filter>
    </ClCompile>
    <ClCompile Include="PieceState.cpp">
      <Filter>ソース ファイル\piece</Filter>
    </ClCompile>
    <ClCompile Include="PieceBlack.cpp">
      <Filter>ソース ファイル\piece</Filter>
    </ClCompile>
    <ClCompile Include="PieceWhite.cpp">
      <Filter>ソース ファイル\piece</Filter>
    </ClCompile>
    <ClCompile Include="PieceKing.cpp">
      <Filter>ソース ファイル\piece</Filter>
    </ClCompile>
    <ClCompile Include="PieceTray.cpp">
      <Filter>ソース ファイル</Filter>
    </ClCompile>
    <ClCompile Include="GameState.cpp">
      <Filter>ソース ファイル\mode</Filter>
    </ClCompile>
    <ClCompile Include="GameMain.cpp">
      <Filter>ソース ファイル\mode</Filter>
    </ClCompile>
    <ClCompile Include="GameResult.cpp">
      <Filter>ソース ファイル\mode</Filter>
    </ClCompile>
    <ClCompile Include="GameTitle.cpp">
      <Filter>ソース ファイル\mode</Filter>
    </ClCompile>
    <ClCompile Include="DataTbl.cpp">
      <Filter>ソース ファイル</Filter>
    </ClCompile>
    <ClCompile Include="PIECE_ST.cpp">
      <Filter>ソース ファイル\piece</Filter>
    </ClCompile>
  </ItemGroup>
  <ItemGroup>
    <ClInclude Include="GamePiece.h">
      <Filter>ヘッダー ファイル\piece</Filter>
    </ClInclude>
    <ClInclude Include="GameBoard.h">
      <Filter>ヘッダー ファイル\core</Filter>
    </ClInclude>
    <ClInclude Include="GameTask.h">
      <Filter>ヘッダー ファイル\core</Filter>
    </ClInclude>
    <ClInclude Include="ImageMng.h">
      <Filter>ヘッダー ファイル\core</Filter>
    </ClInclude>
    <ClInclude Include="MouseCtr.h">
      <Filter>ヘッダー ファイル\core</Filter>
    </ClInclude>
    <ClInclude Include="Player.h">
      <Filter>ヘッダー ファイル\core</Filter>
    </ClInclude>
    <ClInclude Include="VECTOR2.h">
      <Filter>ヘッダー ファイル\core</Filter>
    </ClInclude>
    <ClInclude Include="PieceState.h">
      <Filter>ヘッダー ファイル\piece</Filter>
    </ClInclude>
    <ClInclude Include="PieceBlack.h">
      <Filter>ヘッダー ファイル\piece</Filter>
    </ClInclude>
    <ClInclude Include="PieceWhite.h">
      <Filter>ヘッダー ファイル\piece</Filter>
    </ClInclude>
    <ClInclude Include="PieceKing.h">
      <Filter>ヘッダー ファイル\piece</Filter>
    </ClInclude>
    <ClInclude Include="GameState.h">
      <Filter>ヘッダー ファイル\mode</Filter>
    </ClInclude>
    <ClInclude Include="GameMain.h">
      <Filter>ヘッダー ファイル\mode</Filter>
    </ClInclude>
    <ClInclude Include="GameResult.h">
      <Filter>ヘッダー ファイル\mode</Filter>
    </ClInclude>
    <ClInclude Include="GameTitle.h">
      <Filter>ヘッダー ファイル\mode</Filter>
    </ClInclude>
    <ClInclude Include="PieceTray.h">
      <Filter>ヘッダー ファイル\piece</Filter>
    </ClInclude>
    <ClInclude Include="dataTbl.h">
      <Filter>ヘッダー ファイル\piece</Filter>
    </ClInclude>
    <ClInclude Include="PIECE_ST.h">
      <Filter>ヘッダー ファイル\piece</Filter>
    </ClInclude>
  </ItemGroup>
  <ItemGroup>
    <Text Include="memo.txt" />
  </ItemGroup>
</Project>